Microsoft Visual Studio Solution File, Format Version 11.00
# Visual Studio 2008

Project("{ED7BDAD2-58AD-F493-6D54-2D3AF1FC1217}") = "GameDevAssignment", "Assembly-CSharp.csproj", "{AF094EB0-914B-4F68-9DFD-36F727C4158F}"
EndProject
Global
	GlobalSection(SolutionConfigurationPlatforms) = preSolution
		Debug|Any CPU = Debug|Any CPU
		Release|Any CPU = Release|Any CPU
	EndGlobalSection
	GlobalSection(ProjectConfigurationPlatforms) = postSolution
		{AF094EB0-914B-4F68-9DFD-36F727C4158F}.Debug|Any CPU.ActiveCfg = Debug|Any CPU
		{AF094EB0-914B-4F68-9DFD-36F727C4158F}.Debug|Any CPU.Build.0 = Debug|Any CPU
		{AF094EB0-914B-4F68-9DFD-36F727C4158F}.Release|Any CPU.ActiveCfg = Release|Any CPU
		{AF094EB0-914B-4F68-9DFD-36F727C4158F}.Release|Any CPU.Build.0 = Release|Any CPU
	EndGlobalSection
	GlobalSection(SolutionProperties) = preSolution
		HideSolutionNode = FALSE
	EndGlobalSection
	GlobalSection(MonoDevelopProperties) = preSolution
		StartupItem = Assembly-CSharp.csproj
	EndGlobalSection
EndGlobal
